
Microsoft Visual Studio Solution File, Format Version 12.00
# Visual Studio 15
VisualStudioVersion = 15.0.28307.168
MinimumVisualStudioVersion = 10.0.40219.1
Project("{FAE04EC0-301F-11D3-BF4B-00C04F79EFBC}") = "AutoRobot", "AutoRobot\AutoRobot.csproj", "{A792E36F-D2D5-4BDB-BDD5-2FA047B1FA56}"
EndProject
Global
	GlobalSection(SolutionConfigurationPlatforms) = preSolution
		Debug|Any CPU = Debug|Any CPU
		Release|Any CPU = Release|Any CPU
	EndGlobalSection
	GlobalSection(ProjectConfigurationPlatforms) = postSolution
		{A792E36F-D2D5-4BDB-BDD5-2FA047B1FA56}.Debug|Any CPU.ActiveCfg = Debug|Any CPU
		{A792E36F-D2D5-4BDB-BDD5-2FA047B1FA56}.Debug|Any CPU.Build.0 = Debug|Any CPU
		{A792E36F-D2D5-4BDB-BDD5-2FA047B1FA56}.Release|Any CPU.ActiveCfg = Release|Any CPU
		{A792E36F-D2D5-4BDB-BDD5-2FA047B1FA56}.Release|Any CPU.Build.0 = Release|Any CPU
	EndGlobalSection
	GlobalSection(SolutionProperties) = preSolution
		HideSolutionNode = FALSE
	EndGlobalSection
	GlobalSection(ExtensibilityGlobals) = postSolution
		SolutionGuid = {3F03FDDA-6C70-4EDD-AAAC-33C55BD4313B}
	EndGlobalSection
EndGlobal
